
Microsoft Visual Studio Solution File, Format Version 12.00
# Visual Studio Version 17
VisualStudioVersion = 17.11.35327.3
MinimumVisualStudioVersion = 10.0.40219.1
Project("{FAE04EC0-301F-11D3-BF4B-00C04F79EFBC}") = "ConsoleApp1", "ConsoleApp1\ConsoleApp1.csproj", "{DAD7500E-3E89-4EEF-BF5F-468533C9BD9D}"
EndProject
Global
	GlobalSection(SolutionConfigurationPlatforms) = preSolution
		Debug|Any CPU = Debug|Any CPU
		Release|Any CPU = Release|Any CPU
	EndGlobalSection
	GlobalSection(ProjectConfigurationPlatforms) = postSolution
		{DAD7500E-3E89-4EEF-BF5F-468533C9BD9D}.Debug|Any CPU.ActiveCfg = Debug|Any CPU
		{DAD7500E-3E89-4EEF-BF5F-468533C9BD9D}.Debug|Any CPU.Build.0 = Debug|Any CPU
		{DAD7500E-3E89-4EEF-BF5F-468533C9BD9D}.Release|Any CPU.ActiveCfg = Release|Any CPU
		{DAD7500E-3E89-4EEF-BF5F-468533C9BD9D}.Release|Any CPU.Build.0 = Release|Any CPU
	EndGlobalSection
	GlobalSection(SolutionProperties) = preSolution
		HideSolutionNode = FALSE
	EndGlobalSection
	GlobalSection(ExtensibilityGlobals) = postSolution
		SolutionGuid = {2AEB3C1F-E4C8-4CED-87D2-EE7EBDE5EE36}
	EndGlobalSection
EndGlobal
